
Microsoft Visual Studio Solution File, Format Version 12.00
# Visual Studio 14
VisualStudioVersion = 14.0.25420.1
MinimumVisualStudioVersion = 10.0.40219.1
Project("{FAE04EC0-301F-11D3-BF4B-00C04F79EFBC}") = "Hw3_2", "Hw3_2\Hw3_2.csproj", "{BABB583D-8A4D-4715-8466-63E953A7737E}"
EndProject
Project("{FAE04EC0-301F-11D3-BF4B-00C04F79EFBC}") = "Hw3_2Tests", "Hw3_2Tests\Hw3_2Tests.csproj", "{C39B255F-1C07-4F0B-B2BC-717899829D8E}"
EndProject
Global
	GlobalSection(SolutionConfigurationPlatforms) = preSolution
		Debug|Any CPU = Debug|Any CPU
		Release|Any CPU = Release|Any CPU
	EndGlobalSection
	GlobalSection(ProjectConfigurationPlatforms) = postSolution
		{BABB583D-8A4D-4715-8466-63E953A7737E}.Debug|Any CPU.ActiveCfg = Debug|Any CPU
		{BABB583D-8A4D-4715-8466-63E953A7737E}.Debug|Any CPU.Build.0 = Debug|Any CPU
		{BABB583D-8A4D-4715-8466-63E953A7737E}.Release|Any CPU.ActiveCfg = Release|Any CPU
		{BABB583D-8A4D-4715-8466-63E953A7737E}.Release|Any CPU.Build.0 = Release|Any CPU
		{C39B255F-1C07-4F0B-B2BC-717899829D8E}.Debug|Any CPU.ActiveCfg = Debug|Any CPU
		{C39B255F-1C07-4F0B-B2BC-717899829D8E}.Debug|Any CPU.Build.0 = Debug|Any CPU
		{C39B255F-1C07-4F0B-B2BC-717899829D8E}.Release|Any CPU.ActiveCfg = Release|Any CPU
		{C39B255F-1C07-4F0B-B2BC-717899829D8E}.Release|Any CPU.Build.0 = Release|Any CPU
	EndGlobalSection
	GlobalSection(SolutionProperties) = preSolution
		HideSolutionNode = FALSE
	EndGlobalSection
EndGlobal
