
Microsoft Visual Studio Solution File, Format Version 12.00
# Visual Studio 14
VisualStudioVersion = 14.0.25420.1
MinimumVisualStudioVersion = 10.0.40219.1
Project("{FAE04EC0-301F-11D3-BF4B-00C04F79EFBC}") = "Hw4_1", "Hw4_1\Hw4_1.csproj", "{C0E52734-3817-409B-8223-75333F28C60B}"
EndProject
Project("{FAE04EC0-301F-11D3-BF4B-00C04F79EFBC}") = "Hw4_1Tests", "Hw4_1Tests\Hw4_1Tests.csproj", "{F129CF65-E901-4964-B576-558EE22D1EC0}"
EndProject
Global
	GlobalSection(SolutionConfigurationPlatforms) = preSolution
		Debug|Any CPU = Debug|Any CPU
		Release|Any CPU = Release|Any CPU
	EndGlobalSection
	GlobalSection(ProjectConfigurationPlatforms) = postSolution
		{C0E52734-3817-409B-8223-75333F28C60B}.Debug|Any CPU.ActiveCfg = Debug|Any CPU
		{C0E52734-3817-409B-8223-75333F28C60B}.Debug|Any CPU.Build.0 = Debug|Any CPU
		{C0E52734-3817-409B-8223-75333F28C60B}.Release|Any CPU.ActiveCfg = Release|Any CPU
		{C0E52734-3817-409B-8223-75333F28C60B}.Release|Any CPU.Build.0 = Release|Any CPU
		{F129CF65-E901-4964-B576-558EE22D1EC0}.Debug|Any CPU.ActiveCfg = Debug|Any CPU
		{F129CF65-E901-4964-B576-558EE22D1EC0}.Debug|Any CPU.Build.0 = Debug|Any CPU
		{F129CF65-E901-4964-B576-558EE22D1EC0}.Release|Any CPU.ActiveCfg = Release|Any CPU
		{F129CF65-E901-4964-B576-558EE22D1EC0}.Release|Any CPU.Build.0 = Release|Any CPU
	EndGlobalSection
	GlobalSection(SolutionProperties) = preSolution
		HideSolutionNode = FALSE
	EndGlobalSection
EndGlobal
