
Microsoft Visual Studio Solution File, Format Version 12.00
# Visual Studio 14
VisualStudioVersion = 14.0.25420.1
MinimumVisualStudioVersion = 10.0.40219.1
Project("{FAE04EC0-301F-11D3-BF4B-00C04F79EFBC}") = "Hw1_2", "Hw1_2\Hw1_2.csproj", "{2AA52195-C7DA-411C-940E-22DA9599FDD4}"
EndProject
Project("{FAE04EC0-301F-11D3-BF4B-00C04F79EFBC}") = "Hw1_2Tests", "Hw1_2Tests\Hw1_2Tests.csproj", "{67F9939F-BAA4-4ADF-9352-8B108853C6AD}"
EndProject
Global
	GlobalSection(SolutionConfigurationPlatforms) = preSolution
		Debug|Any CPU = Debug|Any CPU
		Release|Any CPU = Release|Any CPU
	EndGlobalSection
	GlobalSection(ProjectConfigurationPlatforms) = postSolution
		{2AA52195-C7DA-411C-940E-22DA9599FDD4}.Debug|Any CPU.ActiveCfg = Debug|Any CPU
		{2AA52195-C7DA-411C-940E-22DA9599FDD4}.Debug|Any CPU.Build.0 = Debug|Any CPU
		{2AA52195-C7DA-411C-940E-22DA9599FDD4}.Release|Any CPU.ActiveCfg = Release|Any CPU
		{2AA52195-C7DA-411C-940E-22DA9599FDD4}.Release|Any CPU.Build.0 = Release|Any CPU
		{67F9939F-BAA4-4ADF-9352-8B108853C6AD}.Debug|Any CPU.ActiveCfg = Debug|Any CPU
		{67F9939F-BAA4-4ADF-9352-8B108853C6AD}.Debug|Any CPU.Build.0 = Debug|Any CPU
		{67F9939F-BAA4-4ADF-9352-8B108853C6AD}.Release|Any CPU.ActiveCfg = Release|Any CPU
		{67F9939F-BAA4-4ADF-9352-8B108853C6AD}.Release|Any CPU.Build.0 = Release|Any CPU
	EndGlobalSection
	GlobalSection(SolutionProperties) = preSolution
		HideSolutionNode = FALSE
	EndGlobalSection
EndGlobal
